
Microsoft Visual Studio Solution File, Format Version 12.00
# Visual Studio Version 16
VisualStudioVersion = 16.0.29728.190
MinimumVisualStudioVersion = 10.0.40219.1
Project("{FAE04EC0-301F-11D3-BF4B-00C04F79EFBC}") = "ImageFolderToGrid", "ImageFolderToGrid\ImageFolderToGrid.csproj", "{8D5A282A-7CA6-483F-97A3-80C3D8646289}"
EndProject
Global
	GlobalSection(SolutionConfigurationPlatforms) = preSolution
		Debug|Any CPU = Debug|Any CPU
		Release|Any CPU = Release|Any CPU
	EndGlobalSection
	GlobalSection(ProjectConfigurationPlatforms) = postSolution
		{8D5A282A-7CA6-483F-97A3-80C3D8646289}.Debug|Any CPU.ActiveCfg = Debug|Any CPU
		{8D5A282A-7CA6-483F-97A3-80C3D8646289}.Debug|Any CPU.Build.0 = Debug|Any CPU
		{8D5A282A-7CA6-483F-97A3-80C3D8646289}.Release|Any CPU.ActiveCfg = Release|Any CPU
		{8D5A282A-7CA6-483F-97A3-80C3D8646289}.Release|Any CPU.Build.0 = Release|Any CPU
	EndGlobalSection
	GlobalSection(SolutionProperties) = preSolution
		HideSolutionNode = FALSE
	EndGlobalSection
	GlobalSection(ExtensibilityGlobals) = postSolution
		SolutionGuid = {EB625703-33AE-4BE9-AB9A-88DB9F02647E}
	EndGlobalSection
EndGlobal
